
Microsoft Visual Studio Solution File, Format Version 12.00
# Visual Studio Version 17
VisualStudioVersion = 17.13.35825.156 d17.13
MinimumVisualStudioVersion = 10.0.40219.1
Project("{FAE04EC0-301F-11D3-BF4B-00C04F79EFBC}") = "UnitTestProject2-Class-Practise", "UnitTestProject2-Class-Practise\UnitTestProject2-Class-Practise.csproj", "{5F2D75DB-D9DC-4FF7-8753-3C782EBF1695}"
EndProject
Global
	GlobalSection(SolutionConfigurationPlatforms) = preSolution
		Debug|Any CPU = Debug|Any CPU
		Release|Any CPU = Release|Any CPU
	EndGlobalSection
	GlobalSection(ProjectConfigurationPlatforms) = postSolution
		{5F2D75DB-D9DC-4FF7-8753-3C782EBF1695}.Debug|Any CPU.ActiveCfg = Debug|Any CPU
		{5F2D75DB-D9DC-4FF7-8753-3C782EBF1695}.Debug|Any CPU.Build.0 = Debug|Any CPU
		{5F2D75DB-D9DC-4FF7-8753-3C782EBF1695}.Release|Any CPU.ActiveCfg = Release|Any CPU
		{5F2D75DB-D9DC-4FF7-8753-3C782EBF1695}.Release|Any CPU.Build.0 = Release|Any CPU
	EndGlobalSection
	GlobalSection(SolutionProperties) = preSolution
		HideSolutionNode = FALSE
	EndGlobalSection
	GlobalSection(ExtensibilityGlobals) = postSolution
		SolutionGuid = {D8973A95-8DE6-4AF3-8F2E-ABC6B223FBF4}
	EndGlobalSection
EndGlobal
